
Microsoft Visual Studio Solution File, Format Version 11.00
# Visual Studio 2010
Project("{FAE04EC0-301F-11D3-BF4B-00C04F79EFBC}") = "ClaraAdventure", "Assembly-CSharp.csproj", "{613FA246-0384-707B-6DBB-05DA52599406}"
EndProject
Project("{FAE04EC0-301F-11D3-BF4B-00C04F79EFBC}") = "ClaraAdventure", "Assembly-CSharp-Editor.csproj", "{53103E8D-9DA4-274C-F25E-C655C29E9B36}"
EndProject
Global
	GlobalSection(SolutionConfigurationPlatforms) = preSolution
		Debug|Any CPU = Debug|Any CPU
		Release|Any CPU = Release|Any CPU
	EndGlobalSection
	GlobalSection(ProjectConfigurationPlatforms) = postSolution
		{613FA246-0384-707B-6DBB-05DA52599406}.Debug|Any CPU.ActiveCfg = Debug|Any CPU
		{613FA246-0384-707B-6DBB-05DA52599406}.Debug|Any CPU.Build.0 = Debug|Any CPU
		{613FA246-0384-707B-6DBB-05DA52599406}.Release|Any CPU.ActiveCfg = Release|Any CPU
		{613FA246-0384-707B-6DBB-05DA52599406}.Release|Any CPU.Build.0 = Release|Any CPU
		{53103E8D-9DA4-274C-F25E-C655C29E9B36}.Debug|Any CPU.ActiveCfg = Debug|Any CPU
		{53103E8D-9DA4-274C-F25E-C655C29E9B36}.Debug|Any CPU.Build.0 = Debug|Any CPU
		{53103E8D-9DA4-274C-F25E-C655C29E9B36}.Release|Any CPU.ActiveCfg = Release|Any CPU
		{53103E8D-9DA4-274C-F25E-C655C29E9B36}.Release|Any CPU.Build.0 = Release|Any CPU
	EndGlobalSection
	GlobalSection(SolutionProperties) = preSolution
		HideSolutionNode = FALSE
	EndGlobalSection
	GlobalSection(MonoDevelopProperties) = preSolution
		StartupItem = Assembly-CSharp.csproj
	EndGlobalSection
EndGlobal
